
Microsoft Visual Studio Solution File, Format Version 12.00
# Visual Studio Version 17
VisualStudioVersion = 17.9.34723.18
MinimumVisualStudioVersion = 10.0.40219.1
Project("{FAE04EC0-301F-11D3-BF4B-00C04F79EFBC}") = "W4G.Extensions", "W4G.Extensions.csproj", "{AE8B2E8B-60D2-415B-B9C5-C3940AFBA8F4}"
EndProject
Global
	GlobalSection(SolutionConfigurationPlatforms) = preSolution
		Debug|Any CPU = Debug|Any CPU
		Release|Any CPU = Release|Any CPU
	EndGlobalSection
	GlobalSection(ProjectConfigurationPlatforms) = postSolution
		{AE8B2E8B-60D2-415B-B9C5-C3940AFBA8F4}.Debug|Any CPU.ActiveCfg = Debug|Any CPU
		{AE8B2E8B-60D2-415B-B9C5-C3940AFBA8F4}.Debug|Any CPU.Build.0 = Debug|Any CPU
		{AE8B2E8B-60D2-415B-B9C5-C3940AFBA8F4}.Release|Any CPU.ActiveCfg = Release|Any CPU
		{AE8B2E8B-60D2-415B-B9C5-C3940AFBA8F4}.Release|Any CPU.Build.0 = Release|Any CPU
	EndGlobalSection
	GlobalSection(SolutionProperties) = preSolution
		HideSolutionNode = FALSE
	EndGlobalSection
	GlobalSection(ExtensibilityGlobals) = postSolution
		SolutionGuid = {ED975106-6847-4B60-9BE3-3598FADF88F1}
	EndGlobalSection
EndGlobal
